
Microsoft Visual Studio Solution File, Format Version 12.00
# Visual Studio Version 17
VisualStudioVersion = 17.2.32526.322
MinimumVisualStudioVersion = 10.0.40219.1
Project("{9A19103F-16F7-4668-BE54-9A1E7A4F7556}") = "DevIO.Business", "src\DevIO.Business\DevIO.Business.csproj", "{C00020A6-0611-432A-9E87-7AF824E5E907}"
EndProject
Project("{9A19103F-16F7-4668-BE54-9A1E7A4F7556}") = "DevIO.Data", "src\DevIO.Data\DevIO.Data.csproj", "{216D4F05-BA6F-46DE-ADC1-3D5A3444951F}"
EndProject
Project("{FAE04EC0-301F-11D3-BF4B-00C04F79EFBC}") = "DevIO.Api", "DevIO.Api\DevIO.Api.csproj", "{01917E4D-C155-4CC8-BE5E-95AA6F08423C}"
EndProject
Global
	GlobalSection(SolutionConfigurationPlatforms) = preSolution
		Debug|Any CPU = Debug|Any CPU
		Release|Any CPU = Release|Any CPU
	EndGlobalSection
	GlobalSection(ProjectConfigurationPlatforms) = postSolution
		{C00020A6-0611-432A-9E87-7AF824E5E907}.Debug|Any CPU.ActiveCfg = Debug|Any CPU
		{C00020A6-0611-432A-9E87-7AF824E5E907}.Debug|Any CPU.Build.0 = Debug|Any CPU
		{C00020A6-0611-432A-9E87-7AF824E5E907}.Release|Any CPU.ActiveCfg = Release|Any CPU
		{C00020A6-0611-432A-9E87-7AF824E5E907}.Release|Any CPU.Build.0 = Release|Any CPU
		{216D4F05-BA6F-46DE-ADC1-3D5A3444951F}.Debug|Any CPU.ActiveCfg = Debug|Any CPU
		{216D4F05-BA6F-46DE-ADC1-3D5A3444951F}.Debug|Any CPU.Build.0 = Debug|Any CPU
		{216D4F05-BA6F-46DE-ADC1-3D5A3444951F}.Release|Any CPU.ActiveCfg = Release|Any CPU
		{216D4F05-BA6F-46DE-ADC1-3D5A3444951F}.Release|Any CPU.Build.0 = Release|Any CPU
		{01917E4D-C155-4CC8-BE5E-95AA6F08423C}.Debug|Any CPU.ActiveCfg = Debug|Any CPU
		{01917E4D-C155-4CC8-BE5E-95AA6F08423C}.Debug|Any CPU.Build.0 = Debug|Any CPU
		{01917E4D-C155-4CC8-BE5E-95AA6F08423C}.Release|Any CPU.ActiveCfg = Release|Any CPU
		{01917E4D-C155-4CC8-BE5E-95AA6F08423C}.Release|Any CPU.Build.0 = Release|Any CPU
	EndGlobalSection
	GlobalSection(SolutionProperties) = preSolution
		HideSolutionNode = FALSE
	EndGlobalSection
	GlobalSection(ExtensibilityGlobals) = postSolution
		SolutionGuid = {30222053-F72C-4336-BA21-11FAD193CBD3}
	EndGlobalSection
EndGlobal
